# THIS IS AN AUTOGENERATED FILE. DO NOT EDIT THIS FILE DIRECTLY.
# yarn lockfile v1


"@types/node@^6.0.46":
  version "6.0.89"
  resolved "https://registry.yarnpkg.com/@types/node/-/node-6.0.89.tgz#154be0e6a823760cd6083aa8c48f952e2e63e0b0"

ansi-regex@^2.0.0:
  version "2.1.1"
  resolved "https://registry.yarnpkg.com/ansi-regex/-/ansi-regex-2.1.1.tgz#c3b33ab5ee360d86e0e628f0468ae7ef27d654df"

ansi-styles@^2.2.1:
  version "2.2.1"
  resolved "https://registry.yarnpkg.com/ansi-styles/-/ansi-styles-2.2.1.tgz#b432dd3358b634cf75e1e4664368240533c1ddbe"

argparse@^1.0.7:
  version "1.0.9"
  resolved "https://registry.yarnpkg.com/argparse/-/argparse-1.0.9.tgz#73d83bc263f86e97f8cc4f6bae1b0e90a7d22c86"
  dependencies:
    sprintf-js "~1.0.2"

babel-code-frame@^6.26.0:
  version "6.26.0"
  resolved "https://registry.yarnpkg.com/babel-code-frame/-/babel-code-frame-6.26.0.tgz#63fd43f7dc1e3bb7ce35947db8fe369a3f58c74b"
  dependencies:
    chalk "^1.1.3"
    esutils "^2.0.2"
    js-tokens "^3.0.2"

babel-core@^6.24.1, babel-core@^6.26.0:
  version "6.26.0"
  resolved "https://registry.yarnpkg.com/babel-core/-/babel-core-6.26.0.tgz#af32f78b31a6fcef119c87b0fd8d9753f03a0bb8"
  dependencies:
    babel-code-frame "^6.26.0"
    babel-generator "^6.26.0"
    babel-helpers "^6.24.1"
    babel-messages "^6.23.0"
    babel-register "^6.26.0"
    babel-runtime "^6.26.0"
    babel-template "^6.26.0"
    babel-traverse "^6.26.0"
    babel-types "^6.26.0"
    babylon "^6.18.0"
    convert-source-map "^1.5.0"
    debug "^2.6.8"
    json5 "^0.5.1"
    lodash "^4.17.4"
    minimatch "^3.0.4"
    path-is-absolute "^1.0.1"
    private "^0.1.7"
    slash "^1.0.0"
    source-map "^0.5.6"

babel-generator@^6.26.0:
  version "6.26.0"
  resolved "https://registry.yarnpkg.com/babel-generator/-/babel-generator-6.26.0.tgz#ac1ae20070b79f6e3ca1d3269613053774f20dc5"
  dependencies:
    babel-messages "^6.23.0"
    babel-runtime "^6.26.0"
    babel-types "^6.26.0"
    detect-indent "^4.0.0"
    jsesc "^1.3.0"
    lodash "^4.17.4"
    source-map "^0.5.6"
    trim-right "^1.0.1"

babel-helper-evaluate-path@^0.2.0:
  version "0.2.0"
  resolved "https://registry.yarnpkg.com/babel-helper-evaluate-path/-/babel-helper-evaluate-path-0.2.0.tgz#0bb2eb01996c0cef53c5e8405e999fe4a0244c08"

babel-helper-flip-expressions@^0.2.0:
  version "0.2.0"
  resolved "https://registry.yarnpkg.com/babel-helper-flip-expressions/-/babel-helper-flip-expressions-0.2.0.tgz#160d2090a3d9f9c64a750905321a0bc218f884ec"

babel-helper-is-nodes-equiv@^0.0.1:
  version "0.0.1"
  resolved "https://registry.yarnpkg.com/babel-helper-is-nodes-equiv/-/babel-helper-is-nodes-equiv-0.0.1.tgz#34e9b300b1479ddd98ec77ea0bbe9342dfe39684"

babel-helper-is-void-0@^0.2.0:
  version "0.2.0"
  resolved "https://registry.yarnpkg.com/babel-helper-is-void-0/-/babel-helper-is-void-0-0.2.0.tgz#6ed0ada8a9b1c5b6e88af6b47c1b3b5c080860eb"

babel-helper-mark-eval-scopes@^0.2.0:
  version "0.2.0"
  resolved "https://registry.yarnpkg.com/babel-helper-mark-eval-scopes/-/babel-helper-mark-eval-scopes-0.2.0.tgz#7648aaf2ec92aae9b09a20ad91e8df5e1fcc94b2"

babel-helper-remove-or-void@^0.2.0:
  version "0.2.0"
  resolved "https://registry.yarnpkg.com/babel-helper-remove-or-void/-/babel-helper-remove-or-void-0.2.0.tgz#8e46ad5b30560d57d7510b3fd93f332ee7c67386"

babel-helper-to-multiple-sequence-expressions@^0.2.0:
  version "0.2.0"
  resolved "https://registry.yarnpkg.com/babel-helper-to-multiple-sequence-expressions/-/babel-helper-to-multiple-sequence-expressions-0.2.0.tgz#d1a419634c6cb301f27858c659167cfee0a9d318"

babel-helpers@^6.24.1:
  version "6.24.1"
  resolved "https://registry.yarnpkg.com/babel-helpers/-/babel-helpers-6.24.1.tgz#3471de9caec388e5c850e597e58a26ddf37602b2"
  dependencies:
    babel-runtime "^6.22.0"
    babel-template "^6.24.1"

babel-messages@^6.23.0:
  version "6.23.0"
  resolved "https://registry.yarnpkg.com/babel-messages/-/babel-messages-6.23.0.tgz#f3cdf4703858035b2a2951c6ec5edf6c62f2630e"
  dependencies:
    babel-runtime "^6.22.0"

babel-minify-webpack-plugin@^0.2.0:
  version "0.2.0"
  resolved "https://registry.yarnpkg.com/babel-minify-webpack-plugin/-/babel-minify-webpack-plugin-0.2.0.tgz#ef9694d11a1b8ab8f3204d89f5c9278dd28fc2a9"
  dependencies:
    babel-core "^6.24.1"
    babel-preset-minify "^0.2.0"
    webpack-sources "^1.0.1"

babel-plugin-minify-builtins@^0.2.0:
  version "0.2.0"
  resolved "https://registry.yarnpkg.com/babel-plugin-minify-builtins/-/babel-plugin-minify-builtins-0.2.0.tgz#317f824b0907210b6348671bb040ca072e2e0c82"
  dependencies:
    babel-helper-evaluate-path "^0.2.0"

babel-plugin-minify-constant-folding@^0.2.0:
  version "0.2.0"
  resolved "https://registry.yarnpkg.com/babel-plugin-minify-constant-folding/-/babel-plugin-minify-constant-folding-0.2.0.tgz#8c70b528b2eb7c13e94d95c8789077d4cdbc3970"
  dependencies:
    babel-helper-evaluate-path "^0.2.0"

babel-plugin-minify-dead-code-elimination@^0.2.0:
  version "0.2.0"
  resolved "https://registry.yarnpkg.com/babel-plugin-minify-dead-code-elimination/-/babel-plugin-minify-dead-code-elimination-0.2.0.tgz#e8025ee10a1e5e4f202633a6928ce892c33747e3"
  dependencies:
    babel-helper-evaluate-path "^0.2.0"
    babel-helper-mark-eval-scopes "^0.2.0"
    babel-helper-remove-or-void "^0.2.0"
    lodash.some "^4.6.0"

babel-plugin-minify-flip-comparisons@^0.2.0:
  version "0.2.0"
  resolved "https://registry.yarnpkg.com/babel-plugin-minify-flip-comparisons/-/babel-plugin-minify-flip-comparisons-0.2.0.tgz#0c9c8e93155c8f09dedad8118b634c259f709ef5"
  dependencies:
    babel-helper-is-void-0 "^0.2.0"

babel-plugin-minify-guarded-expressions@^0.2.0:
  version "0.2.0"
  resolved "https://registry.yarnpkg.com/babel-plugin-minify-guarded-expressions/-/babel-plugin-minify-guarded-expressions-0.2.0.tgz#8a8c950040fce3e258a12e6eb21eab94ad7235ab"
  dependencies:
    babel-helper-flip-expressions "^0.2.0"

babel-plugin-minify-infinity@^0.2.0:
  version "0.2.0"
  resolved "https://registry.yarnpkg.com/babel-plugin-minify-infinity/-/babel-plugin-minify-infinity-0.2.0.tgz#30960c615ddbc657c045bb00a1d8eb4af257cf03"

babel-plugin-minify-mangle-names@^0.2.0:
  version "0.2.0"
  resolved "https://registry.yarnpkg.com/babel-plugin-minify-mangle-names/-/babel-plugin-minify-mangle-names-0.2.0.tgz#719892297ff0106a6ec1a4b0fc062f1f8b6a8529"
  dependencies:
    babel-helper-mark-eval-scopes "^0.2.0"

babel-plugin-minify-numeric-literals@^0.2.0:
  version "0.2.0"
  resolved "https://registry.yarnpkg.com/babel-plugin-minify-numeric-literals/-/babel-plugin-minify-numeric-literals-0.2.0.tgz#5746e851700167a380c05e93f289a7070459a0d1"

babel-plugin-minify-replace@^0.2.0:
  version "0.2.0"
  resolved "https://registry.yarnpkg.com/babel-plugin-minify-replace/-/babel-plugin-minify-replace-0.2.0.tgz#3c1f06bc4e6d3e301eacb763edc1be611efc39b0"

babel-plugin-minify-simplify@^0.2.0:
  version "0.2.0"
  resolved "https://registry.yarnpkg.com/babel-plugin-minify-simplify/-/babel-plugin-minify-simplify-0.2.0.tgz#21ceec4857100c5476d7cef121f351156e5c9bc0"
  dependencies:
    babel-helper-flip-expressions "^0.2.0"
    babel-helper-is-nodes-equiv "^0.0.1"
    babel-helper-to-multiple-sequence-expressions "^0.2.0"

babel-plugin-minify-type-constructors@^0.2.0:
  version "0.2.0"
  resolved "https://registry.yarnpkg.com/babel-plugin-minify-type-constructors/-/babel-plugin-minify-type-constructors-0.2.0.tgz#7f3b6458be0863cfd59e9985bed6d134aa7a2e17"
  dependencies:
    babel-helper-is-void-0 "^0.2.0"

babel-plugin-transform-inline-consecutive-adds@^0.2.0:
  version "0.2.0"
  resolved "https://registry.yarnpkg.com/babel-plugin-transform-inline-consecutive-adds/-/babel-plugin-transform-inline-consecutive-adds-0.2.0.tgz#15dae78921057f4004f8eafd79e15ddc5f12f426"

babel-plugin-transform-member-expression-literals@^6.8.5:
  version "6.8.5"
  resolved "https://registry.yarnpkg.com/babel-plugin-transform-member-expression-literals/-/babel-plugin-transform-member-expression-literals-6.8.5.tgz#e06ae305cf48d819822e93a70d79269f04d89eec"

babel-plugin-transform-merge-sibling-variables@^6.8.6:
  version "6.8.6"
  resolved "https://registry.yarnpkg.com/babel-plugin-transform-merge-sibling-variables/-/babel-plugin-transform-merge-sibling-variables-6.8.6.tgz#6d21efa5ee4981f71657fae716f9594bb2622aef"

babel-plugin-transform-minify-booleans@^6.8.3:
  version "6.8.3"
  resolved "https://registry.yarnpkg.com/babel-plugin-transform-minify-booleans/-/babel-plugin-transform-minify-booleans-6.8.3.tgz#5906ed776d3718250519abf1bace44b0b613ddf9"

babel-plugin-transform-property-literals@^6.8.5:
  version "6.8.5"
  resolved "https://registry.yarnpkg.com/babel-plugin-transform-property-literals/-/babel-plugin-transform-property-literals-6.8.5.tgz#67ed5930b34805443452c8b9690c7ebe1e206c40"
  dependencies:
    esutils "^2.0.2"

babel-plugin-transform-regexp-constructors@^0.2.0:
  version "0.2.0"
  resolved "https://registry.yarnpkg.com/babel-plugin-transform-regexp-constructors/-/babel-plugin-transform-regexp-constructors-0.2.0.tgz#6aa5dd0acc515db4be929bbcec4ed4c946c534a3"

babel-plugin-transform-remove-console@^6.8.5:
  version "6.8.5"
  resolved "https://registry.yarnpkg.com/babel-plugin-transform-remove-console/-/babel-plugin-transform-remove-console-6.8.5.tgz#fde9d2d3d725530b0fadd8d31078402410386810"

babel-plugin-transform-remove-debugger@^6.8.5:
  version "6.8.5"
  resolved "https://registry.yarnpkg.com/babel-plugin-transform-remove-debugger/-/babel-plugin-transform-remove-debugger-6.8.5.tgz#809584d412bf918f071fdf41e1fdb15ea89cdcd5"

babel-plugin-transform-remove-undefined@^0.2.0:
  version "0.2.0"
  resolved "https://registry.yarnpkg.com/babel-plugin-transform-remove-undefined/-/babel-plugin-transform-remove-undefined-0.2.0.tgz#94f052062054c707e8d094acefe79416b63452b1"
  dependencies:
    babel-helper-evaluate-path "^0.2.0"

babel-plugin-transform-simplify-comparison-operators@^6.8.5:
  version "6.8.5"
  resolved "https://registry.yarnpkg.com/babel-plugin-transform-simplify-comparison-operators/-/babel-plugin-transform-simplify-comparison-operators-6.8.5.tgz#a838786baf40cc33a93b95ae09e05591227e43bf"

babel-plugin-transform-undefined-to-void@^6.8.3:
  version "6.8.3"
  resolved "https://registry.yarnpkg.com/babel-plugin-transform-undefined-to-void/-/babel-plugin-transform-undefined-to-void-6.8.3.tgz#fc52707f6ee1ddc71bb91b0d314fbefdeef9beb4"

babel-preset-minify@^0.2.0:
  version "0.2.0"
  resolved "https://registry.yarnpkg.com/babel-preset-minify/-/babel-preset-minify-0.2.0.tgz#006566552d9b83834472273f306c0131062a0acc"
  dependencies:
    babel-plugin-minify-builtins "^0.2.0"
    babel-plugin-minify-constant-folding "^0.2.0"
    babel-plugin-minify-dead-code-elimination "^0.2.0"
    babel-plugin-minify-flip-comparisons "^0.2.0"
    babel-plugin-minify-guarded-expressions "^0.2.0"
    babel-plugin-minify-infinity "^0.2.0"
    babel-plugin-minify-mangle-names "^0.2.0"
    babel-plugin-minify-numeric-literals "^0.2.0"
    babel-plugin-minify-replace "^0.2.0"
    babel-plugin-minify-simplify "^0.2.0"
    babel-plugin-minify-type-constructors "^0.2.0"
    babel-plugin-transform-inline-consecutive-adds "^0.2.0"
    babel-plugin-transform-member-expression-literals "^6.8.5"
    babel-plugin-transform-merge-sibling-variables "^6.8.6"
    babel-plugin-transform-minify-booleans "^6.8.3"
    babel-plugin-transform-property-literals "^6.8.5"
    babel-plugin-transform-regexp-constructors "^0.2.0"
    babel-plugin-transform-remove-console "^6.8.5"
    babel-plugin-transform-remove-debugger "^6.8.5"
    babel-plugin-transform-remove-undefined "^0.2.0"
    babel-plugin-transform-simplify-comparison-operators "^6.8.5"
    babel-plugin-transform-undefined-to-void "^6.8.3"
    lodash.isplainobject "^4.0.6"

babel-register@^6.26.0:
  version "6.26.0"
  resolved "https://registry.yarnpkg.com/babel-register/-/babel-register-6.26.0.tgz#6ed021173e2fcb486d7acb45c6009a856f647071"
  dependencies:
    babel-core "^6.26.0"
    babel-runtime "^6.26.0"
    core-js "^2.5.0"
    home-or-tmp "^2.0.0"
    lodash "^4.17.4"
    mkdirp "^0.5.1"
    source-map-support "^0.4.15"

babel-runtime@^6.22.0, babel-runtime@^6.26.0:
  version "6.26.0"
  resolved "https://registry.yarnpkg.com/babel-runtime/-/babel-runtime-6.26.0.tgz#965c7058668e82b55d7bfe04ff2337bc8b5647fe"
  dependencies:
    core-js "^2.4.0"
    regenerator-runtime "^0.11.0"

babel-template@^6.24.1, babel-template@^6.26.0:
  version "6.26.0"
  resolved "https://registry.yarnpkg.com/babel-template/-/babel-template-6.26.0.tgz#de03e2d16396b069f46dd9fff8521fb1a0e35e02"
  dependencies:
    babel-runtime "^6.26.0"
    babel-traverse "^6.26.0"
    babel-types "^6.26.0"
    babylon "^6.18.0"
    lodash "^4.17.4"

babel-traverse@^6.26.0:
  version "6.26.0"
  resolved "https://registry.yarnpkg.com/babel-traverse/-/babel-traverse-6.26.0.tgz#46a9cbd7edcc62c8e5c064e2d2d8d0f4035766ee"
  dependencies:
    babel-code-frame "^6.26.0"
    babel-messages "^6.23.0"
    babel-runtime "^6.26.0"
    babel-types "^6.26.0"
    babylon "^6.18.0"
    debug "^2.6.8"
    globals "^9.18.0"
    invariant "^2.2.2"
    lodash "^4.17.4"

babel-types@^6.26.0:
  version "6.26.0"
  resolved "https://registry.yarnpkg.com/babel-types/-/babel-types-6.26.0.tgz#a3b073f94ab49eb6fa55cd65227a334380632497"
  dependencies:
    babel-runtime "^6.26.0"
    esutils "^2.0.2"
    lodash "^4.17.4"
    to-fast-properties "^1.0.3"

babylon@^6.18.0:
  version "6.18.0"
  resolved "https://registry.yarnpkg.com/babylon/-/babylon-6.18.0.tgz#af2f3b88fa6f5c1e4c634d1a0f8eac4f55b395e3"

bail@^1.0.0:
  version "1.0.2"
  resolved "https://registry.yarnpkg.com/bail/-/bail-1.0.2.tgz#f7d6c1731630a9f9f0d4d35ed1f962e2074a1764"

balanced-match@^1.0.0:
  version "1.0.0"
  resolved "https://registry.yarnpkg.com/balanced-match/-/balanced-match-1.0.0.tgz#89b4d199ab2bee49de164ea02b89ce462d71b767"

boolbase@~1.0.0:
  version "1.0.0"
  resolved "https://registry.yarnpkg.com/boolbase/-/boolbase-1.0.0.tgz#68dff5fbe60c51eb37725ea9e3ed310dcc1e776e"

brace-expansion@^1.1.7:
  version "1.1.8"
  resolved "https://registry.yarnpkg.com/brace-expansion/-/brace-expansion-1.1.8.tgz#c07b211c7c952ec1f8efd51a77ef0d1d3990a292"
  dependencies:
    balanced-match "^1.0.0"
    concat-map "0.0.1"

camelcase@^3.0.0:
  version "3.0.0"
  resolved "https://registry.yarnpkg.com/camelcase/-/camelcase-3.0.0.tgz#32fc4b9fcdaf845fcdf7e73bb97cac2261f0ab0a"

chalk@^1.1.3:
  version "1.1.3"
  resolved "https://registry.yarnpkg.com/chalk/-/chalk-1.1.3.tgz#a8115c55e4a702fe4d150abd3872822a7e09fc98"
  dependencies:
    ansi-styles "^2.2.1"
    escape-string-regexp "^1.0.2"
    has-ansi "^2.0.0"
    strip-ansi "^3.0.0"
    supports-color "^2.0.0"

character-entities-legacy@^1.0.0:
  version "1.1.1"
  resolved "https://registry.yarnpkg.com/character-entities-legacy/-/character-entities-legacy-1.1.1.tgz#f40779df1a101872bb510a3d295e1fccf147202f"

character-entities@^1.0.0:
  version "1.2.1"
  resolved "https://registry.yarnpkg.com/character-entities/-/character-entities-1.2.1.tgz#f76871be5ef66ddb7f8f8e3478ecc374c27d6dca"

character-reference-invalid@^1.0.0:
  version "1.1.1"
  resolved "https://registry.yarnpkg.com/character-reference-invalid/-/character-reference-invalid-1.1.1.tgz#942835f750e4ec61a308e60c2ef8cc1011202efc"

collapse-white-space@^1.0.0, collapse-white-space@^1.0.2:
  version "1.0.3"
  resolved "https://registry.yarnpkg.com/collapse-white-space/-/collapse-white-space-1.0.3.tgz#4b906f670e5a963a87b76b0e1689643341b6023c"

comma-separated-tokens@^1.0.0:
  version "1.0.4"
  resolved "https://registry.yarnpkg.com/comma-separated-tokens/-/comma-separated-tokens-1.0.4.tgz#72083e58d4a462f01866f6617f4d98a3cd3b8a46"
  dependencies:
    trim "0.0.1"

concat-map@0.0.1:
  version "0.0.1"
  resolved "https://registry.yarnpkg.com/concat-map/-/concat-map-0.0.1.tgz#d8a96bd77fd68df7793a73036a3ba0d5405d477b"

convert-source-map@^1.5.0:
  version "1.5.0"
  resolved "https://registry.yarnpkg.com/convert-source-map/-/convert-source-map-1.5.0.tgz#9acd70851c6d5dfdd93d9282e5edf94a03ff46b5"

core-js@^2.4.0, core-js@^2.5.0:
  version "2.5.1"
  resolved "https://registry.yarnpkg.com/core-js/-/core-js-2.5.1.tgz#ae6874dc66937789b80754ff5428df66819ca50b"

cross-spawn@^5.1.0:
  version "5.1.0"
  resolved "https://registry.yarnpkg.com/cross-spawn/-/cross-spawn-5.1.0.tgz#e8bd0efee58fcff6f8f94510a0a554bbfa235449"
  dependencies:
    lru-cache "^4.0.1"
    shebang-command "^1.2.0"
    which "^1.2.9"

css-selector-parser@^1.1.0:
  version "1.3.0"
  resolved "https://registry.yarnpkg.com/css-selector-parser/-/css-selector-parser-1.3.0.tgz#5f1ad43e2d8eefbfdc304fcd39a521664943e3eb"

debug@^2.2.0, debug@^2.6.8:
  version "2.6.9"
  resolved "https://registry.yarnpkg.com/debug/-/debug-2.6.9.tgz#5d128515df134ff327e90a4c93f4e077a536341f"
  dependencies:
    ms "2.0.0"

define-properties@^1.1.1, define-properties@^1.1.2:
  version "1.1.2"
  resolved "https://registry.yarnpkg.com/define-properties/-/define-properties-1.1.2.tgz#83a73f2fea569898fb737193c8f873caf6d45c94"
  dependencies:
    foreach "^2.0.5"
    object-keys "^1.0.8"

detab@^2.0.0:
  version "2.0.1"
  resolved "https://registry.yarnpkg.com/detab/-/detab-2.0.1.tgz#531f5e326620e2fd4f03264a905fb3bcc8af4df4"
  dependencies:
    repeat-string "^1.5.4"

detect-indent@^4.0.0:
  version "4.0.0"
  resolved "https://registry.yarnpkg.com/detect-indent/-/detect-indent-4.0.0.tgz#f76d064352cdf43a1cb6ce619c4ee3a9475de208"
  dependencies:
    repeating "^2.0.0"

escape-string-regexp@^1.0.2:
  version "1.0.5"
  resolved "https://registry.yarnpkg.com/escape-string-regexp/-/escape-string-regexp-1.0.5.tgz#1b61c0562190a8dff6ae3bb2cf0200ca130b86d4"

esprima@^4.0.0:
  version "4.0.0"
  resolved "https://registry.yarnpkg.com/esprima/-/esprima-4.0.0.tgz#4499eddcd1110e0b218bacf2fa7f7f59f55ca804"

esutils@^2.0.2:
  version "2.0.2"
  resolved "https://registry.yarnpkg.com/esutils/-/esutils-2.0.2.tgz#0abf4f1caa5bcb1f7a9d8acc6dea4faaa04bac9b"

extend@^3.0.0:
  version "3.0.1"
  resolved "https://registry.yarnpkg.com/extend/-/extend-3.0.1.tgz#a755ea7bc1adfcc5a31ce7e762dbaadc5e636444"

find-up@^2.1.0:
  version "2.1.0"
  resolved "https://registry.yarnpkg.com/find-up/-/find-up-2.1.0.tgz#45d1b7e506c717ddd482775a2b77920a3c0c57a7"
  dependencies:
    locate-path "^2.0.0"

foreach@^2.0.5:
  version "2.0.5"
  resolved "https://registry.yarnpkg.com/foreach/-/foreach-2.0.5.tgz#0bee005018aeb260d0a3af3ae658dd0136ec1b99"

frontmatter@0.0.3:
  version "0.0.3"
  resolved "https://registry.yarnpkg.com/frontmatter/-/frontmatter-0.0.3.tgz#160e7533e0540fc9c0edcc48083dfd7aa1e6c6ec"
  dependencies:
    js-yaml "^3.4.6"

fs.realpath@^1.0.0:
  version "1.0.0"
  resolved "https://registry.yarnpkg.com/fs.realpath/-/fs.realpath-1.0.0.tgz#1504ad2523158caa40db4a2787cb01411994ea4f"

function-bind@^1.0.2, function-bind@^1.1.0:
  version "1.1.1"
  resolved "https://registry.yarnpkg.com/function-bind/-/function-bind-1.1.1.tgz#a56899d3ea3c9bab874bb9773b7c5ede92f4895d"

glob@^7.1.2:
  version "7.1.2"
  resolved "https://registry.yarnpkg.com/glob/-/glob-7.1.2.tgz#c19c9df9a028702d678612384a6552404c636d15"
  dependencies:
    fs.realpath "^1.0.0"
    inflight "^1.0.4"
    inherits "2"
    minimatch "^3.0.4"
    once "^1.3.0"
    path-is-absolute "^1.0.0"

globals@^9.18.0:
  version "9.18.0"
  resolved "https://registry.yarnpkg.com/globals/-/globals-9.18.0.tgz#aa3896b3e69b487f17e31ed2143d69a8e30c2d8a"

has-ansi@^2.0.0:
  version "2.0.0"
  resolved "https://registry.yarnpkg.com/has-ansi/-/has-ansi-2.0.0.tgz#34f5049ce1ecdf2b0649af3ef24e45ed35416d91"
  dependencies:
    ansi-regex "^2.0.0"

has@^1.0.1:
  version "1.0.1"
  resolved "https://registry.yarnpkg.com/has/-/has-1.0.1.tgz#8461733f538b0837c9361e39a9ab9e9704dc2f28"
  dependencies:
    function-bind "^1.0.2"

hast-to-hyperscript@^3.0.0:
  version "3.0.2"
  resolved "https://registry.yarnpkg.com/hast-to-hyperscript/-/hast-to-hyperscript-3.0.2.tgz#8468ed08b8382f130e003a38ef735bcf29737336"
  dependencies:
    comma-separated-tokens "^1.0.0"
    is-nan "^1.2.1"
    kebab-case "^1.0.0"
    property-information "^3.0.0"
    space-separated-tokens "^1.0.0"
    trim "0.0.1"
    unist-util-is "^2.0.0"

hast-util-from-parse5@^2.0.0:
  version "2.1.0"
  resolved "https://registry.yarnpkg.com/hast-util-from-parse5/-/hast-util-from-parse5-2.1.0.tgz#f6123d83d3689630b097e13e430d16d9d1bd8884"
  dependencies:
    camelcase "^3.0.0"
    hastscript "^3.0.0"
    property-information "^3.1.0"
    vfile-location "^2.0.0"

hast-util-parse-selector@^2.0.0:
  version "2.1.0"
  resolved "https://registry.yarnpkg.com/hast-util-parse-selector/-/hast-util-parse-selector-2.1.0.tgz#b55c0f4bb7bb2040c889c325ef87ab29c38102b4"

hast-util-raw@^2.0.0:
  version "2.0.1"
  resolved "https://registry.yarnpkg.com/hast-util-raw/-/hast-util-raw-2.0.1.tgz#a46d65bc38f17f74e23a6e0a73ecdde77ecfdead"
  dependencies:
    hast-util-from-parse5 "^2.0.0"
    hast-util-to-parse5 "^2.0.0"
    html-void-elements "^1.0.1"
    parse5 "^3.0.0"
    unist-util-position "^3.0.0"
    web-namespaces "^1.0.0"
    zwitch "^1.0.0"

hast-util-to-parse5@^2.0.0:
  version "2.2.0"
  resolved "https://registry.yarnpkg.com/hast-util-to-parse5/-/hast-util-to-parse5-2.2.0.tgz#48c8f7f783020c04c3625db06109d02017033cbc"
  dependencies:
    hast-to-hyperscript "^3.0.0"
    mapz "^1.0.0"
    web-namespaces "^1.0.0"
    xtend "^4.0.1"
    zwitch "^1.0.0"

hastscript@^3.0.0:
  version "3.1.0"
  resolved "https://registry.yarnpkg.com/hastscript/-/hastscript-3.1.0.tgz#66628ba6d7f1ad07d9277dd09028aba7f4934599"
  dependencies:
    camelcase "^3.0.0"
    comma-separated-tokens "^1.0.0"
    hast-util-parse-selector "^2.0.0"
    property-information "^3.0.0"
    space-separated-tokens "^1.0.0"

home-or-tmp@^2.0.0:
  version "2.0.0"
  resolved "https://registry.yarnpkg.com/home-or-tmp/-/home-or-tmp-2.0.0.tgz#e36c3f2d2cae7d746a857e38d18d5f32a7882db8"
  dependencies:
    os-homedir "^1.0.0"
    os-tmpdir "^1.0.1"

html-void-elements@^1.0.1:
  version "1.0.2"
  resolved "https://registry.yarnpkg.com/html-void-elements/-/html-void-elements-1.0.2.tgz#9d22e0ca32acc95b3f45b8d5b4f6fbdc05affd55"

http-errors@~1.4.0:
  version "1.4.0"
  resolved "https://registry.yarnpkg.com/http-errors/-/http-errors-1.4.0.tgz#6c0242dea6b3df7afda153c71089b31c6e82aabf"
  dependencies:
    inherits "2.0.1"
    statuses ">= 1.2.1 < 2"

inflight@^1.0.4:
  version "1.0.6"
  resolved "https://registry.yarnpkg.com/inflight/-/inflight-1.0.6.tgz#49bd6331d7d02d0c09bc910a1075ba8165b56df9"
  dependencies:
    once "^1.3.0"
    wrappy "1"

inherits@2, inherits@^2.0.1:
  version "2.0.3"
  resolved "https://registry.yarnpkg.com/inherits/-/inherits-2.0.3.tgz#633c2c83e3da42a502f52466022480f4208261de"

inherits@2.0.1:
  version "2.0.1"
  resolved "https://registry.yarnpkg.com/inherits/-/inherits-2.0.1.tgz#b17d08d326b4423e568eff719f91b0b1cbdf69f1"

invariant@^2.2.2:
  version "2.2.2"
  resolved "https://registry.yarnpkg.com/invariant/-/invariant-2.2.2.tgz#9e1f56ac0acdb6bf303306f338be3b204ae60360"
  dependencies:
    loose-envify "^1.0.0"

is-alphabetical@^1.0.0:
  version "1.0.1"
  resolved "https://registry.yarnpkg.com/is-alphabetical/-/is-alphabetical-1.0.1.tgz#c77079cc91d4efac775be1034bf2d243f95e6f08"

is-alphanumerical@^1.0.0:
  version "1.0.1"
  resolved "https://registry.yarnpkg.com/is-alphanumerical/-/is-alphanumerical-1.0.1.tgz#dfb4aa4d1085e33bdb61c2dee9c80e9c6c19f53b"
  dependencies:
    is-alphabetical "^1.0.0"
    is-decimal "^1.0.0"

is-buffer@^1.1.4:
  version "1.1.5"
  resolved "https://registry.yarnpkg.com/is-buffer/-/is-buffer-1.1.5.tgz#1f3b26ef613b214b88cbca23cc6c01d87961eecc"

is-decimal@^1.0.0:
  version "1.0.1"
  resolved "https://registry.yarnpkg.com/is-decimal/-/is-decimal-1.0.1.tgz#f5fb6a94996ad9e8e3761fbfbd091f1fca8c4e82"

is-finite@^1.0.0:
  version "1.0.2"
  resolved "https://registry.yarnpkg.com/is-finite/-/is-finite-1.0.2.tgz#cc6677695602be550ef11e8b4aa6305342b6d0aa"
  dependencies:
    number-is-nan "^1.0.0"

is-hexadecimal@^1.0.0:
  version "1.0.1"
  resolved "https://registry.yarnpkg.com/is-hexadecimal/-/is-hexadecimal-1.0.1.tgz#6e084bbc92061fbb0971ec58b6ce6d404e24da69"

is-nan@^1.2.1:
  version "1.2.1"
  resolved "https://registry.yarnpkg.com/is-nan/-/is-nan-1.2.1.tgz#9faf65b6fb6db24b7f5c0628475ea71f988401e2"
  dependencies:
    define-properties "^1.1.1"

is-plain-obj@^1.1.0:
  version "1.1.0"
  resolved "https://registry.yarnpkg.com/is-plain-obj/-/is-plain-obj-1.1.0.tgz#71a50c8429dfca773c92a390a4a03b39fcd51d3e"

is-whitespace-character@^1.0.0:
  version "1.0.1"
  resolved "https://registry.yarnpkg.com/is-whitespace-character/-/is-whitespace-character-1.0.1.tgz#9ae0176f3282b65457a1992cdb084f8a5f833e3b"

is-word-character@^1.0.0:
  version "1.0.1"
  resolved "https://registry.yarnpkg.com/is-word-character/-/is-word-character-1.0.1.tgz#5a03fa1ea91ace8a6eb0c7cd770eb86d65c8befb"

isarray@0.0.1:
  version "0.0.1"
  resolved "https://registry.yarnpkg.com/isarray/-/isarray-0.0.1.tgz#8a18acfca9a8f4177e09abfc6038939b05d1eedf"

isexe@^2.0.0:
  version "2.0.0"
  resolved "https://registry.yarnpkg.com/isexe/-/isexe-2.0.0.tgz#e8fbf374dc556ff8947a10dcb0572d633f2cfa10"

js-tokens@^3.0.0, js-tokens@^3.0.2:
  version "3.0.2"
  resolved "https://registry.yarnpkg.com/js-tokens/-/js-tokens-3.0.2.tgz#9866df395102130e38f7f996bceb65443209c25b"

js-yaml@^3.4.6:
  version "3.10.0"
  resolved "https://registry.yarnpkg.com/js-yaml/-/js-yaml-3.10.0.tgz#2e78441646bd4682e963f22b6e92823c309c62dc"
  dependencies:
    argparse "^1.0.7"
    esprima "^4.0.0"

jsesc@^1.3.0:
  version "1.3.0"
  resolved "https://registry.yarnpkg.com/jsesc/-/jsesc-1.3.0.tgz#46c3fec8c1892b12b0833db9bc7622176dbab34b"

json5@^0.5.1:
  version "0.5.1"
  resolved "https://registry.yarnpkg.com/json5/-/json5-0.5.1.tgz#1eade7acc012034ad84e2396767ead9fa5495821"

kebab-case@^1.0.0:
  version "1.0.0"
  resolved "https://registry.yarnpkg.com/kebab-case/-/kebab-case-1.0.0.tgz#3f9e4990adcad0c686c0e701f7645868f75f91eb"

locate-path@^2.0.0:
  version "2.0.0"
  resolved "https://registry.yarnpkg.com/locate-path/-/locate-path-2.0.0.tgz#2b568b265eec944c6d9c0de9c3dbbbca0354cd8e"
  dependencies:
    p-locate "^2.0.0"
    path-exists "^3.0.0"

lodash.isplainobject@^4.0.6:
  version "4.0.6"
  resolved "https://registry.yarnpkg.com/lodash.isplainobject/-/lodash.isplainobject-4.0.6.tgz#7c526a52d89b45c45cc690b88163be0497f550cb"

lodash.some@^4.6.0:
  version "4.6.0"
  resolved "https://registry.yarnpkg.com/lodash.some/-/lodash.some-4.6.0.tgz#1bb9f314ef6b8baded13b549169b2a945eb68e4d"

lodash@^4.17.4:
  version "4.17.4"
  resolved "https://registry.yarnpkg.com/lodash/-/lodash-4.17.4.tgz#78203a4d1c328ae1d86dca6460e369b57f4055ae"

loose-envify@^1.0.0:
  version "1.3.1"
  resolved "https://registry.yarnpkg.com/loose-envify/-/loose-envify-1.3.1.tgz#d1a8ad33fa9ce0e713d65fdd0ac8b748d478c848"
  dependencies:
    js-tokens "^3.0.0"

lru-cache@^4.0.1:
  version "4.1.1"
  resolved "https://registry.yarnpkg.com/lru-cache/-/lru-cache-4.1.1.tgz#622e32e82488b49279114a4f9ecf45e7cd6bba55"
  dependencies:
    pseudomap "^1.0.2"
    yallist "^2.1.2"

mapz@^1.0.0:
  version "1.0.1"
  resolved "https://registry.yarnpkg.com/mapz/-/mapz-1.0.1.tgz#9ecec757d3c3fe0a8a6f363e328eaee69a428441"
  dependencies:
    x-is-array "^0.1.0"

markdown-escapes@^1.0.0:
  version "1.0.1"
  resolved "https://registry.yarnpkg.com/markdown-escapes/-/markdown-escapes-1.0.1.tgz#1994df2d3af4811de59a6714934c2b2292734518"

mdast-util-definitions@^1.2.0:
  version "1.2.2"
  resolved "https://registry.yarnpkg.com/mdast-util-definitions/-/mdast-util-definitions-1.2.2.tgz#673f4377c3e23d3de7af7a4fe2214c0e221c5ac7"
  dependencies:
    unist-util-visit "^1.0.0"

mdast-util-to-hast@^2.2.0:
  version "2.5.0"
  resolved "https://registry.yarnpkg.com/mdast-util-to-hast/-/mdast-util-to-hast-2.5.0.tgz#f087844d255c7540f36906da30ba106c0ee5ee2f"
  dependencies:
    collapse-white-space "^1.0.0"
    detab "^2.0.0"
    mdast-util-definitions "^1.2.0"
    mdurl "^1.0.1"
    trim "0.0.1"
    trim-lines "^1.0.0"
    unist-builder "^1.0.1"
    unist-util-generated "^1.1.0"
    unist-util-position "^3.0.0"
    unist-util-visit "^1.1.0"
    xtend "^4.0.1"

mdurl@^1.0.1:
  version "1.0.1"
  resolved "https://registry.yarnpkg.com/mdurl/-/mdurl-1.0.1.tgz#fe85b2ec75a59037f2adfec100fd6c601761152e"

minimatch@^3.0.4:
  version "3.0.4"
  resolved "https://registry.yarnpkg.com/minimatch/-/minimatch-3.0.4.tgz#5166e286457f03306064be5497e8dbb0c3d32083"
  dependencies:
    brace-expansion "^1.1.7"

minimist@0.0.8:
  version "0.0.8"
  resolved "https://registry.yarnpkg.com/minimist/-/minimist-0.0.8.tgz#857fcabfc3397d2625b8228262e86aa7a011b05d"

minimist@^1.2.0:
  version "1.2.0"
  resolved "https://registry.yarnpkg.com/minimist/-/minimist-1.2.0.tgz#a35008b20f41383eec1fb914f4cd5df79a264284"

mkdirp@^0.5.1:
  version "0.5.1"
  resolved "https://registry.yarnpkg.com/mkdirp/-/mkdirp-0.5.1.tgz#30057438eac6cf7f8c4767f38648d6697d75c903"
  dependencies:
    minimist "0.0.8"

ms@2.0.0:
  version "2.0.0"
  resolved "https://registry.yarnpkg.com/ms/-/ms-2.0.0.tgz#5608aeadfc00be6c2901df5f9861788de0d597c8"

nextein@^1.0.0-beta24:
  version "1.0.0-beta24"
  resolved "https://registry.yarnpkg.com/nextein/-/nextein-1.0.0-beta24.tgz#f6a7c510f8552ed6a69cf2fc7c42e6810a7b8e3d"
  dependencies:
    babel-minify-webpack-plugin "^0.2.0"
    cross-spawn "^5.1.0"
    frontmatter "0.0.3"
    glob "^7.1.2"
    minimist "^1.2.0"
    object.assign "^4.0.4"
    path-match "^1.2.4"
    path-to-regexp "2.0.0"
    pkg-up "^2.0.0"
    rehype-raw "2.0.0"
    rehype-react "3.0.1"
    remark-parse "4.0.0"
    remark-rehype "2.0.1"
    unfetch "^3.0.0"
    unified "6.1.5"
    unist-util-select "^1.5.0"

nth-check@^1.0.1:
  version "1.0.1"
  resolved "https://registry.yarnpkg.com/nth-check/-/nth-check-1.0.1.tgz#9929acdf628fc2c41098deab82ac580cf149aae4"
  dependencies:
    boolbase "~1.0.0"

number-is-nan@^1.0.0:
  version "1.0.1"
  resolved "https://registry.yarnpkg.com/number-is-nan/-/number-is-nan-1.0.1.tgz#097b602b53422a522c1afb8790318336941a011d"

object-assign@^4.1.0:
  version "4.1.1"
  resolved "https://registry.yarnpkg.com/object-assign/-/object-assign-4.1.1.tgz#2109adc7965887cfc05cbbd442cac8bfbb360863"

object-keys@^1.0.10, object-keys@^1.0.8:
  version "1.0.11"
  resolved "https://registry.yarnpkg.com/object-keys/-/object-keys-1.0.11.tgz#c54601778ad560f1142ce0e01bcca8b56d13426d"

object.assign@^4.0.4:
  version "4.0.4"
  resolved "https://registry.yarnpkg.com/object.assign/-/object.assign-4.0.4.tgz#b1c9cc044ef1b9fe63606fc141abbb32e14730cc"
  dependencies:
    define-properties "^1.1.2"
    function-bind "^1.1.0"
    object-keys "^1.0.10"

once@^1.3.0:
  version "1.4.0"
  resolved "https://registry.yarnpkg.com/once/-/once-1.4.0.tgz#583b1aa775961d4b113ac17d9c50baef9dd76bd1"
  dependencies:
    wrappy "1"

os-homedir@^1.0.0:
  version "1.0.2"
  resolved "https://registry.yarnpkg.com/os-homedir/-/os-homedir-1.0.2.tgz#ffbc4988336e0e833de0c168c7ef152121aa7fb3"

os-tmpdir@^1.0.1:
  version "1.0.2"
  resolved "https://registry.yarnpkg.com/os-tmpdir/-/os-tmpdir-1.0.2.tgz#bbe67406c79aa85c5cfec766fe5734555dfa1274"

p-limit@^1.1.0:
  version "1.1.0"
  resolved "https://registry.yarnpkg.com/p-limit/-/p-limit-1.1.0.tgz#b07ff2d9a5d88bec806035895a2bab66a27988bc"

p-locate@^2.0.0:
  version "2.0.0"
  resolved "https://registry.yarnpkg.com/p-locate/-/p-locate-2.0.0.tgz#20a0103b222a70c8fd39cc2e580680f3dde5ec43"
  dependencies:
    p-limit "^1.1.0"

parse-entities@^1.0.2:
  version "1.1.1"
  resolved "https://registry.yarnpkg.com/parse-entities/-/parse-entities-1.1.1.tgz#8112d88471319f27abae4d64964b122fe4e1b890"
  dependencies:
    character-entities "^1.0.0"
    character-entities-legacy "^1.0.0"
    character-reference-invalid "^1.0.0"
    is-alphanumerical "^1.0.0"
    is-decimal "^1.0.0"
    is-hexadecimal "^1.0.0"

parse5@^3.0.0:
  version "3.0.2"
  resolved "https://registry.yarnpkg.com/parse5/-/parse5-3.0.2.tgz#05eff57f0ef4577fb144a79f8b9a967a6cc44510"
  dependencies:
    "@types/node" "^6.0.46"

path-exists@^3.0.0:
  version "3.0.0"
  resolved "https://registry.yarnpkg.com/path-exists/-/path-exists-3.0.0.tgz#ce0ebeaa5f78cb18925ea7d810d7b59b010fd515"

path-is-absolute@^1.0.0, path-is-absolute@^1.0.1:
  version "1.0.1"
  resolved "https://registry.yarnpkg.com/path-is-absolute/-/path-is-absolute-1.0.1.tgz#174b9268735534ffbc7ace6bf53a5a9e1b5c5f5f"

path-match@^1.2.4:
  version "1.2.4"
  resolved "https://registry.yarnpkg.com/path-match/-/path-match-1.2.4.tgz#a62747f3c7e0c2514762697f24443585b09100ea"
  dependencies:
    http-errors "~1.4.0"
    path-to-regexp "^1.0.0"

path-to-regexp@2.0.0:
  version "2.0.0"
  resolved "https://registry.yarnpkg.com/path-to-regexp/-/path-to-regexp-2.0.0.tgz#b77a8168c2e78bc31f3d312d71b1ace97df23870"

path-to-regexp@^1.0.0:
  version "1.7.0"
  resolved "https://registry.yarnpkg.com/path-to-regexp/-/path-to-regexp-1.7.0.tgz#59fde0f435badacba103a84e9d3bc64e96b9937d"
  dependencies:
    isarray "0.0.1"

pkg-up@^2.0.0:
  version "2.0.0"
  resolved "https://registry.yarnpkg.com/pkg-up/-/pkg-up-2.0.0.tgz#c819ac728059a461cab1c3889a2be3c49a004d7f"
  dependencies:
    find-up "^2.1.0"

private@^0.1.7:
  version "0.1.8"
  resolved "https://registry.yarnpkg.com/private/-/private-0.1.8.tgz#2381edb3689f7a53d653190060fcf822d2f368ff"

property-information@^3.0.0, property-information@^3.1.0:
  version "3.2.0"
  resolved "https://registry.yarnpkg.com/property-information/-/property-information-3.2.0.tgz#fd1483c8fbac61808f5fe359e7693a1f48a58331"

pseudomap@^1.0.2:
  version "1.0.2"
  resolved "https://registry.yarnpkg.com/pseudomap/-/pseudomap-1.0.2.tgz#f052a28da70e618917ef0a8ac34c1ae5a68286b3"

regenerator-runtime@^0.11.0:
  version "0.11.0"
  resolved "https://registry.yarnpkg.com/regenerator-runtime/-/regenerator-runtime-0.11.0.tgz#7e54fe5b5ccd5d6624ea6255c3473be090b802e1"

rehype-raw@2.0.0:
  version "2.0.0"
  resolved "https://registry.yarnpkg.com/rehype-raw/-/rehype-raw-2.0.0.tgz#5637a9fceef34800fd7c57ca32fd9d5927fd2aaa"
  dependencies:
    hast-util-raw "^2.0.0"

rehype-react@3.0.1:
  version "3.0.1"
  resolved "https://registry.yarnpkg.com/rehype-react/-/rehype-react-3.0.1.tgz#a54f3a40969a059b5b9aa7c591b13e0344a8bc60"
  dependencies:
    has "^1.0.1"
    hast-to-hyperscript "^3.0.0"

remark-parse@4.0.0:
  version "4.0.0"
  resolved "https://registry.yarnpkg.com/remark-parse/-/remark-parse-4.0.0.tgz#99f1f049afac80382366e2e0d0bd55429dd45d8b"
  dependencies:
    collapse-white-space "^1.0.2"
    is-alphabetical "^1.0.0"
    is-decimal "^1.0.0"
    is-whitespace-character "^1.0.0"
    is-word-character "^1.0.0"
    markdown-escapes "^1.0.0"
    parse-entities "^1.0.2"
    repeat-string "^1.5.4"
    state-toggle "^1.0.0"
    trim "0.0.1"
    trim-trailing-lines "^1.0.0"
    unherit "^1.0.4"
    unist-util-remove-position "^1.0.0"
    vfile-location "^2.0.0"
    xtend "^4.0.1"

remark-rehype@2.0.1:
  version "2.0.1"
  resolved "https://registry.yarnpkg.com/remark-rehype/-/remark-rehype-2.0.1.tgz#13e989f89ee15444bd2354dffd767da922b985e3"
  dependencies:
    mdast-util-to-hast "^2.2.0"

repeat-string@^1.5.4:
  version "1.6.1"
  resolved "https://registry.yarnpkg.com/repeat-string/-/repeat-string-1.6.1.tgz#8dcae470e1c88abc2d600fff4a776286da75e637"

repeating@^2.0.0:
  version "2.0.1"
  resolved "https://registry.yarnpkg.com/repeating/-/repeating-2.0.1.tgz#5214c53a926d3552707527fbab415dbc08d06dda"
  dependencies:
    is-finite "^1.0.0"

replace-ext@1.0.0:
  version "1.0.0"
  resolved "https://registry.yarnpkg.com/replace-ext/-/replace-ext-1.0.0.tgz#de63128373fcbf7c3ccfa4de5a480c45a67958eb"

shebang-command@^1.2.0:
  version "1.2.0"
  resolved "https://registry.yarnpkg.com/shebang-command/-/shebang-command-1.2.0.tgz#44aac65b695b03398968c39f363fee5deafdf1ea"
  dependencies:
    shebang-regex "^1.0.0"

shebang-regex@^1.0.0:
  version "1.0.0"
  resolved "https://registry.yarnpkg.com/shebang-regex/-/shebang-regex-1.0.0.tgz#da42f49740c0b42db2ca9728571cb190c98efea3"

slash@^1.0.0:
  version "1.0.0"
  resolved "https://registry.yarnpkg.com/slash/-/slash-1.0.0.tgz#c41f2f6c39fc16d1cd17ad4b5d896114ae470d55"

source-list-map@^2.0.0:
  version "2.0.0"
  resolved "https://registry.yarnpkg.com/source-list-map/-/source-list-map-2.0.0.tgz#aaa47403f7b245a92fbc97ea08f250d6087ed085"

source-map-support@^0.4.15:
  version "0.4.18"
  resolved "https://registry.yarnpkg.com/source-map-support/-/source-map-support-0.4.18.tgz#0286a6de8be42641338594e97ccea75f0a2c585f"
  dependencies:
    source-map "^0.5.6"

source-map@^0.5.6, source-map@~0.5.3:
  version "0.5.7"
  resolved "https://registry.yarnpkg.com/source-map/-/source-map-0.5.7.tgz#8a039d2d1021d22d1ea14c80d8ea468ba2ef3fcc"

space-separated-tokens@^1.0.0:
  version "1.1.1"
  resolved "https://registry.yarnpkg.com/space-separated-tokens/-/space-separated-tokens-1.1.1.tgz#9695b9df9e65aec1811d4c3f9ce52520bc2f7e4d"
  dependencies:
    trim "0.0.1"

sprintf-js@~1.0.2:
  version "1.0.3"
  resolved "https://registry.yarnpkg.com/sprintf-js/-/sprintf-js-1.0.3.tgz#04e6926f662895354f3dd015203633b857297e2c"

state-toggle@^1.0.0:
  version "1.0.0"
  resolved "https://registry.yarnpkg.com/state-toggle/-/state-toggle-1.0.0.tgz#d20f9a616bb4f0c3b98b91922d25b640aa2bc425"

"statuses@>= 1.2.1 < 2":
  version "1.3.1"
  resolved "https://registry.yarnpkg.com/statuses/-/statuses-1.3.1.tgz#faf51b9eb74aaef3b3acf4ad5f61abf24cb7b93e"

strip-ansi@^3.0.0:
  version "3.0.1"
  resolved "https://registry.yarnpkg.com/strip-ansi/-/strip-ansi-3.0.1.tgz#6a385fb8853d952d5ff05d0e8aaf94278dc63dcf"
  dependencies:
    ansi-regex "^2.0.0"

supports-color@^2.0.0:
  version "2.0.0"
  resolved "https://registry.yarnpkg.com/supports-color/-/supports-color-2.0.0.tgz#535d045ce6b6363fa40117084629995e9df324c7"

to-fast-properties@^1.0.3:
  version "1.0.3"
  resolved "https://registry.yarnpkg.com/to-fast-properties/-/to-fast-properties-1.0.3.tgz#b83571fa4d8c25b82e231b06e3a3055de4ca1a47"

trim-lines@^1.0.0:
  version "1.1.0"
  resolved "https://registry.yarnpkg.com/trim-lines/-/trim-lines-1.1.0.tgz#9926d03ede13ba18f7d42222631fb04c79ff26fe"

trim-right@^1.0.1:
  version "1.0.1"
  resolved "https://registry.yarnpkg.com/trim-right/-/trim-right-1.0.1.tgz#cb2e1203067e0c8de1f614094b9fe45704ea6003"

trim-trailing-lines@^1.0.0:
  version "1.1.0"
  resolved "https://registry.yarnpkg.com/trim-trailing-lines/-/trim-trailing-lines-1.1.0.tgz#7aefbb7808df9d669f6da2e438cac8c46ada7684"

trim@0.0.1:
  version "0.0.1"
  resolved "https://registry.yarnpkg.com/trim/-/trim-0.0.1.tgz#5858547f6b290757ee95cccc666fb50084c460dd"

trough@^1.0.0:
  version "1.0.1"
  resolved "https://registry.yarnpkg.com/trough/-/trough-1.0.1.tgz#a9fd8b0394b0ae8fff82e0633a0a36ccad5b5f86"

unfetch@^3.0.0:
  version "3.0.0"
  resolved "https://registry.yarnpkg.com/unfetch/-/unfetch-3.0.0.tgz#8d1e0513a4ecd0e5ff2d41a6ba77771aae8b6482"

unherit@^1.0.4:
  version "1.1.0"
  resolved "https://registry.yarnpkg.com/unherit/-/unherit-1.1.0.tgz#6b9aaedfbf73df1756ad9e316dd981885840cd7d"
  dependencies:
    inherits "^2.0.1"
    xtend "^4.0.1"

unified@6.1.5:
  version "6.1.5"
  resolved "https://registry.yarnpkg.com/unified/-/unified-6.1.5.tgz#716937872621a63135e62ced2f3ac6a063c6fb87"
  dependencies:
    bail "^1.0.0"
    extend "^3.0.0"
    is-plain-obj "^1.1.0"
    trough "^1.0.0"
    vfile "^2.0.0"
    x-is-function "^1.0.4"
    x-is-string "^0.1.0"

unist-builder@^1.0.1:
  version "1.0.2"
  resolved "https://registry.yarnpkg.com/unist-builder/-/unist-builder-1.0.2.tgz#8c3b9903ef64bcfb117dd7cf6a5d98fc1b3b27b6"
  dependencies:
    object-assign "^4.1.0"

unist-util-generated@^1.1.0:
  version "1.1.1"
  resolved "https://registry.yarnpkg.com/unist-util-generated/-/unist-util-generated-1.1.1.tgz#99f16c78959ac854dee7c615c291924c8bf4de7f"

unist-util-is@^2.0.0:
  version "2.1.1"
  resolved "https://registry.yarnpkg.com/unist-util-is/-/unist-util-is-2.1.1.tgz#0c312629e3f960c66e931e812d3d80e77010947b"

unist-util-position@^3.0.0:
  version "3.0.0"
  resolved "https://registry.yarnpkg.com/unist-util-position/-/unist-util-position-3.0.0.tgz#e6e1e03eeeb81c5e1afe553e8d4adfbd7c0d8f82"

unist-util-remove-position@^1.0.0:
  version "1.1.1"
  resolved "https://registry.yarnpkg.com/unist-util-remove-position/-/unist-util-remove-position-1.1.1.tgz#5a85c1555fc1ba0c101b86707d15e50fa4c871bb"
  dependencies:
    unist-util-visit "^1.1.0"

unist-util-select@^1.5.0:
  version "1.5.0"
  resolved "https://registry.yarnpkg.com/unist-util-select/-/unist-util-select-1.5.0.tgz#a93c2be8c0f653827803b81331adec2aa24cd933"
  dependencies:
    css-selector-parser "^1.1.0"
    debug "^2.2.0"
    nth-check "^1.0.1"

unist-util-stringify-position@^1.0.0:
  version "1.1.1"
  resolved "https://registry.yarnpkg.com/unist-util-stringify-position/-/unist-util-stringify-position-1.1.1.tgz#3ccbdc53679eed6ecf3777dd7f5e3229c1b6aa3c"

unist-util-visit@^1.0.0, unist-util-visit@^1.1.0:
  version "1.1.3"
  resolved "https://registry.yarnpkg.com/unist-util-visit/-/unist-util-visit-1.1.3.tgz#ec268e731b9d277a79a5b5aa0643990e405d600b"

vfile-location@^2.0.0:
  version "2.0.2"
  resolved "https://registry.yarnpkg.com/vfile-location/-/vfile-location-2.0.2.tgz#d3675c59c877498e492b4756ff65e4af1a752255"

vfile@^2.0.0:
  version "2.2.0"
  resolved "https://registry.yarnpkg.com/vfile/-/vfile-2.2.0.tgz#ce47a4fb335922b233e535db0f7d8121d8fced4e"
  dependencies:
    is-buffer "^1.1.4"
    replace-ext "1.0.0"
    unist-util-stringify-position "^1.0.0"

web-namespaces@^1.0.0:
  version "1.1.1"
  resolved "https://registry.yarnpkg.com/web-namespaces/-/web-namespaces-1.1.1.tgz#742d9fff61ff84f4164f677244f42d29c10c451d"

webpack-sources@^1.0.1:
  version "1.0.1"
  resolved "https://registry.yarnpkg.com/webpack-sources/-/webpack-sources-1.0.1.tgz#c7356436a4d13123be2e2426a05d1dad9cbe65cf"
  dependencies:
    source-list-map "^2.0.0"
    source-map "~0.5.3"

which@^1.2.9:
  version "1.3.0"
  resolved "https://registry.yarnpkg.com/which/-/which-1.3.0.tgz#ff04bdfc010ee547d780bec38e1ac1c2777d253a"
  dependencies:
    isexe "^2.0.0"

wrappy@1:
  version "1.0.2"
  resolved "https://registry.yarnpkg.com/wrappy/-/wrappy-1.0.2.tgz#b5243d8f3ec1aa35f1364605bc0d1036e30ab69f"

x-is-array@^0.1.0:
  version "0.1.0"
  resolved "https://registry.yarnpkg.com/x-is-array/-/x-is-array-0.1.0.tgz#de520171d47b3f416f5587d629b89d26b12dc29d"

x-is-function@^1.0.4:
  version "1.0.4"
  resolved "https://registry.yarnpkg.com/x-is-function/-/x-is-function-1.0.4.tgz#5d294dc3d268cbdd062580e0c5df77a391d1fa1e"

x-is-string@^0.1.0:
  version "0.1.0"
  resolved "https://registry.yarnpkg.com/x-is-string/-/x-is-string-0.1.0.tgz#474b50865af3a49a9c4657f05acd145458f77d82"

xtend@^4.0.1:
  version "4.0.1"
  resolved "https://registry.yarnpkg.com/xtend/-/xtend-4.0.1.tgz#a5c6d532be656e23db820efb943a1f04998d63af"

yallist@^2.1.2:
  version "2.1.2"
  resolved "https://registry.yarnpkg.com/yallist/-/yallist-2.1.2.tgz#1c11f9218f076089a47dd512f93c6699a6a81d52"

zwitch@^1.0.0:
  version "1.0.2"
  resolved "https://registry.yarnpkg.com/zwitch/-/zwitch-1.0.2.tgz#9b059541bfa844799fe2d903bde609de2503a041"
